
Microsoft Visual Studio Solution File, Format Version 12.00
# Visual Studio Version 17
VisualStudioVersion = 17.14.36811.4
MinimumVisualStudioVersion = 10.0.40219.1
Project("{FAE04EC0-301F-11D3-BF4B-00C04F79EFBC}") = "BibliotecaVitoriaGasteiz", "BibliotecaVitoriaGasteiz.csproj", "{0B741009-18A6-4111-AF52-4DB884A523A0}"
EndProject
Project("{FAE04EC0-301F-11D3-BF4B-00C04F79EFBC}") = "BibliotecaControles", "..\..\..\Desktop\Nueva carpeta\BibliotecaVitoriaGasteiz\BibliotecaControles\BibliotecaControles.csproj", "{312514BD-0BB0-47EB-B7E3-0F9D36AD9DCB}"
EndProject
Global
	GlobalSection(SolutionConfigurationPlatforms) = preSolution
		Debug|Any CPU = Debug|Any CPU
		Release|Any CPU = Release|Any CPU
	EndGlobalSection
	GlobalSection(ProjectConfigurationPlatforms) = postSolution
		{0B741009-18A6-4111-AF52-4DB884A523A0}.Debug|Any CPU.ActiveCfg = Debug|Any CPU
		{0B741009-18A6-4111-AF52-4DB884A523A0}.Debug|Any CPU.Build.0 = Debug|Any CPU
		{0B741009-18A6-4111-AF52-4DB884A523A0}.Release|Any CPU.ActiveCfg = Release|Any CPU
		{0B741009-18A6-4111-AF52-4DB884A523A0}.Release|Any CPU.Build.0 = Release|Any CPU
		{312514BD-0BB0-47EB-B7E3-0F9D36AD9DCB}.Debug|Any CPU.ActiveCfg = Debug|Any CPU
		{312514BD-0BB0-47EB-B7E3-0F9D36AD9DCB}.Debug|Any CPU.Build.0 = Debug|Any CPU
		{312514BD-0BB0-47EB-B7E3-0F9D36AD9DCB}.Release|Any CPU.ActiveCfg = Release|Any CPU
		{312514BD-0BB0-47EB-B7E3-0F9D36AD9DCB}.Release|Any CPU.Build.0 = Release|Any CPU
	EndGlobalSection
	GlobalSection(SolutionProperties) = preSolution
		HideSolutionNode = FALSE
	EndGlobalSection
	GlobalSection(ExtensibilityGlobals) = postSolution
		SolutionGuid = {897E7551-2ED5-4802-BC5C-7DFFA8BFBA4B}
	EndGlobalSection
EndGlobal
